{
  "version": 4,
  "terraform_version": "1.12.2",
  "serial": 8,
  "lineage": "cb2fe7ce-9212-b4ba-50f3-84eee5e2cf8f",
  "outputs": {
    "cluster_id": {
      "value": "8b4245fa-ddd7-488a-9946-23142e34a048",
      "type": "string"
    },
    "kubeconfig_path": {
      "value": "./kubeconfig_devops-assignment-cluster.yaml",
      "type": "string"
    }
  },
  "resources": [
    {
      "mode": "managed",
      "type": "civo_firewall",
      "name": "k8s_fw",
      "provider": "provider[\"registry.terraform.io/civo/civo\"]",
      "instances": [
        {
          "schema_version": 0,
          "attributes": {
            "create_default_rules": true,
            "egress_rule": [
              {
                "action": "allow",
                "cidr": [
                  "0.0.0.0/0"
                ],
                "id": "50451884-0c39-4f18-b2ad-a5e7da4c9ec7",
                "label": "All UDP ports open",
                "port_range": "1-65535",
                "protocol": "udp"
              },
              {
                "action": "allow",
                "cidr": [
                  "0.0.0.0/0"
                ],
                "id": "64f64249-bb03-4ebb-b807-a550075ec1e8",
                "label": "Ping/traceroute",
                "port_range": "",
                "protocol": "icmp"
              },
              {
                "action": "allow",
                "cidr": [
                  "0.0.0.0/0"
                ],
                "id": "c44dc82d-6c17-41fd-bf9d-d94c4e8574d1",
                "label": "All TCP ports open",
                "port_range": "1-65535",
                "protocol": "tcp"
              }
            ],
            "id": "b5779808-9ac7-459e-8bd1-0bab01b4b764",
            "ingress_rule": [
              {
                "action": "allow",
                "cidr": [
                  "0.0.0.0/0"
                ],
                "id": "19d527e9-ac95-4678-97f2-2f0cc785213a",
                "label": "All TCP ports open",
                "port_range": "1-65535",
                "protocol": "tcp"
              },
              {
                "action": "allow",
                "cidr": [
                  "0.0.0.0/0"
                ],
                "id": "ded7854a-4c44-46e8-936e-a9c836d2e2ec",
                "label": "Ping/traceroute",
                "port_range": "",
                "protocol": "icmp"
              },
              {
                "action": "allow",
                "cidr": [
                  "0.0.0.0/0"
                ],
                "id": "e717bac0-efdf-4b14-b919-0b1351078902",
                "label": "All UDP ports open",
                "port_range": "1-65535",
                "protocol": "udp"
              }
            ],
            "name": "devops-assignment-cluster-firewall",
            "network_id": "07ecd1ea-f53d-453a-b066-7f84c44c5b78",
            "region": "FRA1",
            "timeouts": null
          },
          "sensitive_attributes": [],
          "identity_schema_version": 0,
          "private": "eyJlMmJmYjczMC1lY2FhLTExZTYtOGY4OC0zNDM2M2JjN2M0YzAiOnsiY3JlYXRlIjoxODAwMDAwMDAwMDAwLCJkZWxldGUiOjE4MDAwMDAwMDAwMDAsInVwZGF0ZSI6MTgwMDAwMDAwMDAwMH19"
        }
      ]
    },
    {
      "mode": "managed",
      "type": "civo_kubernetes_cluster",
      "name": "k8s",
      "provider": "provider[\"registry.terraform.io/civo/civo\"]",
      "instances": [
        {
          "schema_version": 0,
          "attributes": {
            "api_endpoint": "https://74.220.26.42:6443",
            "applications": "",
            "cluster_type": "k3s",
            "cni": "flannel",
            "created_at": "2025-11-04 18:01:01 +0000 UTC",
            "dns_entry": "8b4245fa-ddd7-488a-9946-23142e34a048.k8s.civo.com",
            "firewall_id": "b5779808-9ac7-459e-8bd1-0bab01b4b764",
            "id": "8b4245fa-ddd7-488a-9946-23142e34a048",
            "installed_applications": [],
            "kubeconfig": "",
            "kubernetes_version": "1.30.5-k3s1",
            "master_ip": "74.220.26.42",
            "name": "devops-assignment-cluster",
            "network_id": "07ecd1ea-f53d-453a-b066-7f84c44c5b78",
            "num_target_nodes": 2,
            "pools": [
              {
                "instance_names": [
                  "k3s-devops-assignment-cluster-4dd3-946353-node-pool-4b5e-32r4i",
                  "k3s-devops-assignment-cluster-4dd3-946353-node-pool-4b5e-qt7nz"
                ],
                "label": "9216dc7c-2234-4c06-bf97-b54bebdd42d8",
                "labels": {},
                "node_count": 2,
                "public_ip_node_pool": false,
                "size": "g4s.kube.small",
                "taint": []
              }
            ],
            "ready": true,
            "region": "FRA1",
            "status": "ACTIVE",
            "tags": "",
            "target_nodes_size": "g4s.kube.small",
            "timeouts": null,
            "volume_type": null,
            "write_kubeconfig": false
          },
          "sensitive_attributes": [
            [
              {
                "type": "get_attr",
                "value": "kubeconfig"
              }
            ]
          ],
          "identity_schema_version": 0,
          "private": "eyJlMmJmYjczMC1lY2FhLTExZTYtOGY4OC0zNDM2M2JjN2M0YzAiOnsiY3JlYXRlIjoxODAwMDAwMDAwMDAwLCJkZWxldGUiOjE4MDAwMDAwMDAwMDAsInVwZGF0ZSI6MTgwMDAwMDAwMDAwMH19",
          "dependencies": [
            "civo_firewall.k8s_fw"
          ]
        }
      ]
    },
    {
      "mode": "managed",
      "type": "null_resource",
      "name": "get_kubeconfig",
      "provider": "provider[\"registry.terraform.io/hashicorp/null\"]",
      "instances": [
        {
          "status": "tainted",
          "schema_version": 0,
          "attributes": {
            "id": "2519503742614141342",
            "triggers": null
          },
          "sensitive_attributes": [],
          "identity_schema_version": 0,
          "dependencies": [
            "civo_firewall.k8s_fw",
            "civo_kubernetes_cluster.k8s"
          ]
        }
      ]
    }
  ],
  "check_results": null
}
