{
  "version": 4,
  "terraform_version": "1.12.2",
  "serial": 19,
  "lineage": "cb2fe7ce-9212-b4ba-50f3-84eee5e2cf8f",
  "outputs": {
    "cluster_id": {
      "value": "8fee6510-fad2-455b-acea-b7ec0723f414",
      "type": "string"
    },
    "kubeconfig_path": {
      "value": "./kubeconfig_devops-assignment-cluster.yaml",
      "type": "string"
    }
  },
  "resources": [
    {
      "mode": "managed",
      "type": "civo_firewall",
      "name": "k8s_fw",
      "provider": "provider[\"registry.terraform.io/civo/civo\"]",
      "instances": [
        {
          "schema_version": 0,
          "attributes": {
            "create_default_rules": true,
            "egress_rule": [
              {
                "action": "allow",
                "cidr": [
                  "0.0.0.0/0"
                ],
                "id": "0b1188db-8bdc-49a7-bb1d-27b538be3d3c",
                "label": "Ping/traceroute",
                "port_range": "",
                "protocol": "icmp"
              },
              {
                "action": "allow",
                "cidr": [
                  "0.0.0.0/0"
                ],
                "id": "1dc23690-8ecf-4fd1-a484-8ecccc56e498",
                "label": "All TCP ports open",
                "port_range": "1-65535",
                "protocol": "tcp"
              },
              {
                "action": "allow",
                "cidr": [
                  "0.0.0.0/0"
                ],
                "id": "2de24e68-61fd-4e15-b56f-12eabd8be957",
                "label": "All UDP ports open",
                "port_range": "1-65535",
                "protocol": "udp"
              }
            ],
            "id": "b20ca7f4-8160-4eac-b942-62cd5c9a2bf8",
            "ingress_rule": [
              {
                "action": "allow",
                "cidr": [
                  "0.0.0.0/0"
                ],
                "id": "07590c83-14ca-41f8-8195-fb808ff9e458",
                "label": "Ping/traceroute",
                "port_range": "",
                "protocol": "icmp"
              },
              {
                "action": "allow",
                "cidr": [
                  "0.0.0.0/0"
                ],
                "id": "9ef2eac4-8dea-4d95-80bf-8d6e52d99dfc",
                "label": "All TCP ports open",
                "port_range": "1-65535",
                "protocol": "tcp"
              },
              {
                "action": "allow",
                "cidr": [
                  "0.0.0.0/0"
                ],
                "id": "b73a3e34-029c-44f4-b43c-f48912ca73d6",
                "label": "All UDP ports open",
                "port_range": "1-65535",
                "protocol": "udp"
              }
            ],
            "name": "devops-assignment-cluster-firewall",
            "network_id": "07ecd1ea-f53d-453a-b066-7f84c44c5b78",
            "region": "FRA1",
            "timeouts": null
          },
          "sensitive_attributes": [],
          "identity_schema_version": 0,
          "private": "eyJlMmJmYjczMC1lY2FhLTExZTYtOGY4OC0zNDM2M2JjN2M0YzAiOnsiY3JlYXRlIjoxODAwMDAwMDAwMDAwLCJkZWxldGUiOjE4MDAwMDAwMDAwMDAsInVwZGF0ZSI6MTgwMDAwMDAwMDAwMH19"
        }
      ]
    },
    {
      "mode": "managed",
      "type": "civo_kubernetes_cluster",
      "name": "k8s",
      "provider": "provider[\"registry.terraform.io/civo/civo\"]",
      "instances": [
        {
          "schema_version": 0,
          "attributes": {
            "api_endpoint": "https://74.220.24.191:6443",
            "applications": "",
            "cluster_type": "k3s",
            "cni": "flannel",
            "created_at": "2025-11-13 16:01:22 +0000 UTC",
            "dns_entry": "8fee6510-fad2-455b-acea-b7ec0723f414.k8s.civo.com",
            "firewall_id": "b20ca7f4-8160-4eac-b942-62cd5c9a2bf8",
            "id": "8fee6510-fad2-455b-acea-b7ec0723f414",
            "installed_applications": [],
            "kubeconfig": "",
            "kubernetes_version": "1.30.5-k3s1",
            "master_ip": "74.220.24.191",
            "name": "devops-assignment-cluster",
            "network_id": "07ecd1ea-f53d-453a-b066-7f84c44c5b78",
            "num_target_nodes": 2,
            "pools": [
              {
                "instance_names": [
                  "k3s-devops-assignment-cluster-4dd3-e894e8-node-pool-0e2d-ktk9d",
                  "k3s-devops-assignment-cluster-4dd3-e894e8-node-pool-0e2d-vfmr2"
                ],
                "label": "f9aeb07e-7f32-4200-b176-5de130e9b0fc",
                "labels": null,
                "node_count": 2,
                "public_ip_node_pool": false,
                "size": "g4s.kube.small",
                "taint": []
              }
            ],
            "ready": true,
            "region": "FRA1",
            "status": "ACTIVE",
            "tags": "",
            "target_nodes_size": "g4s.kube.small",
            "timeouts": null,
            "volume_type": null,
            "write_kubeconfig": false
          },
          "sensitive_attributes": [
            [
              {
                "type": "get_attr",
                "value": "kubeconfig"
              }
            ]
          ],
          "identity_schema_version": 0,
          "private": "eyJlMmJmYjczMC1lY2FhLTExZTYtOGY4OC0zNDM2M2JjN2M0YzAiOnsiY3JlYXRlIjoxODAwMDAwMDAwMDAwLCJkZWxldGUiOjE4MDAwMDAwMDAwMDAsInVwZGF0ZSI6MTgwMDAwMDAwMDAwMH19",
          "dependencies": [
            "civo_firewall.k8s_fw"
          ]
        }
      ]
    },
    {
      "mode": "managed",
      "type": "null_resource",
      "name": "get_kubeconfig",
      "provider": "provider[\"registry.terraform.io/hashicorp/null\"]",
      "instances": [
        {
          "schema_version": 0,
          "attributes": {
            "id": "683016197061266062",
            "triggers": null
          },
          "sensitive_attributes": [],
          "identity_schema_version": 0,
          "dependencies": [
            "civo_firewall.k8s_fw",
            "civo_kubernetes_cluster.k8s"
          ]
        }
      ]
    }
  ],
  "check_results": null
}
